// !$*UTF8*$!
{
	archiveVersion = 1;
	classes = {
	};
	objectVersion = 46;
	objects = {

/* Begin PBXBuildFile section */
		3803BA4C1AB34F2B00EE1C52 /* AppDelegate.swift in Sources */ = {isa = PBXBuildFile; fileRef = 3803BA4B1AB34F2B00EE1C52 /* AppDelegate.swift */; };
		3803BA4E1AB34F2B00EE1C52 /* MainViewController.swift in Sources */ = {isa = PBXBuildFile; fileRef = 3803BA4D1AB34F2B00EE1C52 /* MainViewController.swift */; };
		3803BA511AB34F2B00EE1C52 /* Main.storyboard in Resources */ = {isa = PBXBuildFile; fileRef = 3803BA4F1AB34F2B00EE1C52 /* Main.storyboard */; };
		3803BA531AB34F2B00EE1C52 /* Images.xcassets in Resources */ = {isa = PBXBuildFile; fileRef = 3803BA521AB34F2B00EE1C52 /* Images.xcassets */; };
		3803BA561AB34F2B00EE1C52 /* LaunchScreen.xib in Resources */ = {isa = PBXBuildFile; fileRef = 3803BA541AB34F2B00EE1C52 /* LaunchScreen.xib */; };
		3803BA621AB34F2B00EE1C52 /* CoalesseTests.swift in Sources */ = {isa = PBXBuildFile; fileRef = 3803BA611AB34F2B00EE1C52 /* CoalesseTests.swift */; };
		3803BA861AB3502C00EE1C52 /* GPUImage.framework in Frameworks */ = {isa = PBXBuildFile; fileRef = 3803BA831AB34FF100EE1C52 /* GPUImage.framework */; };
		3803BA881AB3505D00EE1C52 /* GPUImage.framework in Copy Frameworks */ = {isa = PBXBuildFile; fileRef = 3803BA831AB34FF100EE1C52 /* GPUImage.framework */; settings = {ATTRIBUTES = (CodeSignOnCopy, RemoveHeadersOnCopy, ); }; };
		3803BA8A1AB3522C00EE1C52 /* Constants.swift in Sources */ = {isa = PBXBuildFile; fileRef = 3803BA891AB3522C00EE1C52 /* Constants.swift */; };
		3803BA8C1AB3583400EE1C52 /* MenuViewController.swift in Sources */ = {isa = PBXBuildFile; fileRef = 3803BA8B1AB3583400EE1C52 /* MenuViewController.swift */; };
		3803BA8E1AB3584A00EE1C52 /* MenuTransitionManager.swift in Sources */ = {isa = PBXBuildFile; fileRef = 3803BA8D1AB3584A00EE1C52 /* MenuTransitionManager.swift */; };
		380B82441AB56441008F8BC6 /* CustomizeViewController.swift in Sources */ = {isa = PBXBuildFile; fileRef = 380B82431AB56441008F8BC6 /* CustomizeViewController.swift */; };
		380B82461AB56641008F8BC6 /* ContainerTransitionManager.swift in Sources */ = {isa = PBXBuildFile; fileRef = 380B82451AB56641008F8BC6 /* ContainerTransitionManager.swift */; };
		3842BF5E1AD4FEAA00CBD0F1 /* Bolts.framework in Frameworks */ = {isa = PBXBuildFile; fileRef = 3842BF5C1AD4FEAA00CBD0F1 /* Bolts.framework */; };
		3842BF5F1AD4FEAA00CBD0F1 /* Parse.framework in Frameworks */ = {isa = PBXBuildFile; fileRef = 3842BF5D1AD4FEAA00CBD0F1 /* Parse.framework */; };
		3842BF6D1AD4FEFE00CBD0F1 /* AudioToolbox.framework in Frameworks */ = {isa = PBXBuildFile; fileRef = 3842BF621AD4FEFE00CBD0F1 /* AudioToolbox.framework */; };
		3842BF6E1AD4FEFE00CBD0F1 /* CFNetwork.framework in Frameworks */ = {isa = PBXBuildFile; fileRef = 3842BF631AD4FEFE00CBD0F1 /* CFNetwork.framework */; };
		3842BF6F1AD4FEFE00CBD0F1 /* CoreGraphics.framework in Frameworks */ = {isa = PBXBuildFile; fileRef = 3842BF641AD4FEFE00CBD0F1 /* CoreGraphics.framework */; };
		3842BF701AD4FEFE00CBD0F1 /* CoreLocation.framework in Frameworks */ = {isa = PBXBuildFile; fileRef = 3842BF651AD4FEFE00CBD0F1 /* CoreLocation.framework */; };
		3842BF711AD4FEFE00CBD0F1 /* libsqlite3.dylib in Frameworks */ = {isa = PBXBuildFile; fileRef = 3842BF661AD4FEFE00CBD0F1 /* libsqlite3.dylib */; };
		3842BF721AD4FEFE00CBD0F1 /* libz.dylib in Frameworks */ = {isa = PBXBuildFile; fileRef = 3842BF671AD4FEFE00CBD0F1 /* libz.dylib */; };
		3842BF731AD4FEFE00CBD0F1 /* MobileCoreServices.framework in Frameworks */ = {isa = PBXBuildFile; fileRef = 3842BF681AD4FEFE00CBD0F1 /* MobileCoreServices.framework */; };
		3842BF741AD4FEFE00CBD0F1 /* QuartzCore.framework in Frameworks */ = {isa = PBXBuildFile; fileRef = 3842BF691AD4FEFE00CBD0F1 /* QuartzCore.framework */; };
		3842BF751AD4FEFE00CBD0F1 /* Security.framework in Frameworks */ = {isa = PBXBuildFile; fileRef = 3842BF6A1AD4FEFE00CBD0F1 /* Security.framework */; };
		3842BF761AD4FEFE00CBD0F1 /* StoreKit.framework in Frameworks */ = {isa = PBXBuildFile; fileRef = 3842BF6B1AD4FEFE00CBD0F1 /* StoreKit.framework */; };
		3842BF771AD4FEFE00CBD0F1 /* SystemConfiguration.framework in Frameworks */ = {isa = PBXBuildFile; fileRef = 3842BF6C1AD4FEFE00CBD0F1 /* SystemConfiguration.framework */; };
		3842BF791AD5019A00CBD0F1 /* Social.framework in Frameworks */ = {isa = PBXBuildFile; fileRef = 3842BF781AD5019A00CBD0F1 /* Social.framework */; };
		3842BF7D1AD501DD00CBD0F1 /* Accounts.framework in Frameworks */ = {isa = PBXBuildFile; fileRef = 3842BF7C1AD501DD00CBD0F1 /* Accounts.framework */; };
		386E1D881AC4C44900D1F265 /* StandardViewController.swift in Sources */ = {isa = PBXBuildFile; fileRef = 386E1D871AC4C44900D1F265 /* StandardViewController.swift */; };
		386E1D8C1AC4C84200D1F265 /* SavedViewController.swift in Sources */ = {isa = PBXBuildFile; fileRef = 386E1D8B1AC4C84200D1F265 /* SavedViewController.swift */; };
		386E1D8E1AC4C85100D1F265 /* SettingsViewController.swift in Sources */ = {isa = PBXBuildFile; fileRef = 386E1D8D1AC4C85100D1F265 /* SettingsViewController.swift */; };
		386E1D901AC4C86000D1F265 /* AboutViewController.swift in Sources */ = {isa = PBXBuildFile; fileRef = 386E1D8F1AC4C86000D1F265 /* AboutViewController.swift */; };
		3891E6341ACE768C00B5174A /* Views.swift in Sources */ = {isa = PBXBuildFile; fileRef = 3891E6331ACE768C00B5174A /* Views.swift */; };
		389406771AD1DAE2005D9D98 /* Design.swift in Sources */ = {isa = PBXBuildFile; fileRef = 389406761AD1DAE2005D9D98 /* Design.swift */; };
		3894067B1AD255C4005D9D98 /* RLMSupport.swift in Sources */ = {isa = PBXBuildFile; fileRef = 3894067A1AD255C4005D9D98 /* RLMSupport.swift */; };
		3894067E1AD261D6005D9D98 /* Cells.swift in Sources */ = {isa = PBXBuildFile; fileRef = 3894067D1AD261D6005D9D98 /* Cells.swift */; };
		389922491ACFB7C9004CB793 /* Helpers.swift in Sources */ = {isa = PBXBuildFile; fileRef = 389922481ACFB7C9004CB793 /* Helpers.swift */; };
		38BD8AC01B163EE600536E91 /* CustomGaramond.ttf in Resources */ = {isa = PBXBuildFile; fileRef = 38BD8ABE1B163EE600536E91 /* CustomGaramond.ttf */; };
		38BD8AC11B163EE600536E91 /* CustomGaramondBold.ttf in Resources */ = {isa = PBXBuildFile; fileRef = 38BD8ABF1B163EE600536E91 /* CustomGaramondBold.ttf */; };
		38F76D401AC92769005F4852 /* WebViewController.swift in Sources */ = {isa = PBXBuildFile; fileRef = 38F76D3F1AC92769005F4852 /* WebViewController.swift */; };
		38F76D441AC927C6005F4852 /* WebKit.framework in Frameworks */ = {isa = PBXBuildFile; fileRef = 38F76D431AC927C6005F4852 /* WebKit.framework */; };
		8B098D25425336E697CE6818 /* Pods.framework in Frameworks */ = {isa = PBXBuildFile; fileRef = 484EE1B697C597C328D5BAD5 /* Pods.framework */; settings = {ATTRIBUTES = (Weak, ); }; };
/* End PBXBuildFile section */

/* Begin PBXContainerItemProxy section */
		3803BA5C1AB34F2B00EE1C52 /* PBXContainerItemProxy */ = {
			isa = PBXContainerItemProxy;
			containerPortal = 3803BA3E1AB34F2B00EE1C52 /* Project object */;
			proxyType = 1;
			remoteGlobalIDString = 3803BA451AB34F2B00EE1C52;
			remoteInfo = Coalesse;
		};
		3803BA801AB34FF100EE1C52 /* PBXContainerItemProxy */ = {
			isa = PBXContainerItemProxy;
			containerPortal = 3803BA7A1AB34FF000EE1C52 /* GPUImage.xcodeproj */;
			proxyType = 2;
			remoteGlobalIDString = BCF1A33414DDB1EC00852800;
			remoteInfo = GPUImage;
		};
		3803BA821AB34FF100EE1C52 /* PBXContainerItemProxy */ = {
			isa = PBXContainerItemProxy;
			containerPortal = 3803BA7A1AB34FF000EE1C52 /* GPUImage.xcodeproj */;
			proxyType = 2;
			remoteGlobalIDString = BCE209E51943F20C002FEED8;
			remoteInfo = GPUImageFramework;
		};
		3803BA841AB3501B00EE1C52 /* PBXContainerItemProxy */ = {
			isa = PBXContainerItemProxy;
			containerPortal = 3803BA7A1AB34FF000EE1C52 /* GPUImage.xcodeproj */;
			proxyType = 1;
			remoteGlobalIDString = BCE209E41943F20C002FEED8;
			remoteInfo = GPUImageFramework;
		};
		55F1235B1C05125D005C2934 /* PBXContainerItemProxy */ = {
			isa = PBXContainerItemProxy;
			containerPortal = 55F123551C05125D005C2934 /* GPUImage.xcodeproj */;
			proxyType = 2;
			remoteGlobalIDString = BCF1A33414DDB1EC00852800;
			remoteInfo = GPUImage;
		};
		55F1235D1C05125D005C2934 /* PBXContainerItemProxy */ = {
			isa = PBXContainerItemProxy;
			containerPortal = 55F123551C05125D005C2934 /* GPUImage.xcodeproj */;
			proxyType = 2;
			remoteGlobalIDString = BCE209E51943F20C002FEED8;
			remoteInfo = GPUImageFramework;
		};
/* End PBXContainerItemProxy section */

/* Begin PBXCopyFilesBuildPhase section */
		3803BA871AB3504A00EE1C52 /* Copy Frameworks */ = {
			isa = PBXCopyFilesBuildPhase;
			buildActionMask = 2147483647;
			dstPath = "";
			dstSubfolderSpec = 10;
			files = (
				3803BA881AB3505D00EE1C52 /* GPUImage.framework in Copy Frameworks */,
			);
			name = "Copy Frameworks";
			runOnlyForDeploymentPostprocessing = 0;
		};
/* End PBXCopyFilesBuildPhase section */

/* Begin PBXFileReference section */
		3803BA461AB34F2B00EE1C52 /* Coalesse.app */ = {isa = PBXFileReference; explicitFileType = wrapper.application; includeInIndex = 0; path = Coalesse.app; sourceTree = BUILT_PRODUCTS_DIR; };
		3803BA4A1AB34F2B00EE1C52 /* Info.plist */ = {isa = PBXFileReference; lastKnownFileType = text.plist.xml; path = Info.plist; sourceTree = "<group>"; };
		3803BA4B1AB34F2B00EE1C52 /* AppDelegate.swift */ = {isa = PBXFileReference; lastKnownFileType = sourcecode.swift; path = AppDelegate.swift; sourceTree = "<group>"; };
		3803BA4D1AB34F2B00EE1C52 /* MainViewController.swift */ = {isa = PBXFileReference; lastKnownFileType = sourcecode.swift; path = MainViewController.swift; sourceTree = "<group>"; };
		3803BA501AB34F2B00EE1C52 /* Base */ = {isa = PBXFileReference; lastKnownFileType = file.storyboard; name = Base; path = Base.lproj/Main.storyboard; sourceTree = "<group>"; };
		3803BA521AB34F2B00EE1C52 /* Images.xcassets */ = {isa = PBXFileReference; lastKnownFileType = folder.assetcatalog; path = Images.xcassets; sourceTree = "<group>"; };
		3803BA551AB34F2B00EE1C52 /* Base */ = {isa = PBXFileReference; lastKnownFileType = file.xib; name = Base; path = Base.lproj/LaunchScreen.xib; sourceTree = "<group>"; };
		3803BA5B1AB34F2B00EE1C52 /* CoalesseTests.xctest */ = {isa = PBXFileReference; explicitFileType = wrapper.cfbundle; includeInIndex = 0; path = CoalesseTests.xctest; sourceTree = BUILT_PRODUCTS_DIR; };
		3803BA601AB34F2B00EE1C52 /* Info.plist */ = {isa = PBXFileReference; lastKnownFileType = text.plist.xml; path = Info.plist; sourceTree = "<group>"; };
		3803BA611AB34F2B00EE1C52 /* CoalesseTests.swift */ = {isa = PBXFileReference; lastKnownFileType = sourcecode.swift; path = CoalesseTests.swift; sourceTree = "<group>"; };
		3803BA7A1AB34FF000EE1C52 /* GPUImage.xcodeproj */ = {isa = PBXFileReference; lastKnownFileType = "wrapper.pb-project"; name = GPUImage.xcodeproj; path = ../../../_libraries/GPUImage/framework/GPUImage.xcodeproj; sourceTree = "<group>"; };
		3803BA891AB3522C00EE1C52 /* Constants.swift */ = {isa = PBXFileReference; fileEncoding = 4; lastKnownFileType = sourcecode.swift; path = Constants.swift; sourceTree = "<group>"; };
		3803BA8B1AB3583400EE1C52 /* MenuViewController.swift */ = {isa = PBXFileReference; fileEncoding = 4; lastKnownFileType = sourcecode.swift; path = MenuViewController.swift; sourceTree = "<group>"; };
		3803BA8D1AB3584A00EE1C52 /* MenuTransitionManager.swift */ = {isa = PBXFileReference; fileEncoding = 4; lastKnownFileType = sourcecode.swift; path = MenuTransitionManager.swift; sourceTree = "<group>"; };
		380B82431AB56441008F8BC6 /* CustomizeViewController.swift */ = {isa = PBXFileReference; fileEncoding = 4; lastKnownFileType = sourcecode.swift; path = CustomizeViewController.swift; sourceTree = "<group>"; };
		380B82451AB56641008F8BC6 /* ContainerTransitionManager.swift */ = {isa = PBXFileReference; fileEncoding = 4; lastKnownFileType = sourcecode.swift; path = ContainerTransitionManager.swift; sourceTree = "<group>"; };
		3842BF5C1AD4FEAA00CBD0F1 /* Bolts.framework */ = {isa = PBXFileReference; lastKnownFileType = wrapper.framework; path = Bolts.framework; sourceTree = "<group>"; };
		3842BF5D1AD4FEAA00CBD0F1 /* Parse.framework */ = {isa = PBXFileReference; lastKnownFileType = wrapper.framework; path = Parse.framework; sourceTree = "<group>"; };
		3842BF621AD4FEFE00CBD0F1 /* AudioToolbox.framework */ = {isa = PBXFileReference; lastKnownFileType = wrapper.framework; name = AudioToolbox.framework; path = System/Library/Frameworks/AudioToolbox.framework; sourceTree = SDKROOT; };
		3842BF631AD4FEFE00CBD0F1 /* CFNetwork.framework */ = {isa = PBXFileReference; lastKnownFileType = wrapper.framework; name = CFNetwork.framework; path = System/Library/Frameworks/CFNetwork.framework; sourceTree = SDKROOT; };
		3842BF641AD4FEFE00CBD0F1 /* CoreGraphics.framework */ = {isa = PBXFileReference; lastKnownFileType = wrapper.framework; name = CoreGraphics.framework; path = System/Library/Frameworks/CoreGraphics.framework; sourceTree = SDKROOT; };
		3842BF651AD4FEFE00CBD0F1 /* CoreLocation.framework */ = {isa = PBXFileReference; lastKnownFileType = wrapper.framework; name = CoreLocation.framework; path = System/Library/Frameworks/CoreLocation.framework; sourceTree = SDKROOT; };
		3842BF661AD4FEFE00CBD0F1 /* libsqlite3.dylib */ = {isa = PBXFileReference; lastKnownFileType = "compiled.mach-o.dylib"; name = libsqlite3.dylib; path = usr/lib/libsqlite3.dylib; sourceTree = SDKROOT; };
		3842BF671AD4FEFE00CBD0F1 /* libz.dylib */ = {isa = PBXFileReference; lastKnownFileType = "compiled.mach-o.dylib"; name = libz.dylib; path = usr/lib/libz.dylib; sourceTree = SDKROOT; };
		3842BF681AD4FEFE00CBD0F1 /* MobileCoreServices.framework */ = {isa = PBXFileReference; lastKnownFileType = wrapper.framework; name = MobileCoreServices.framework; path = System/Library/Frameworks/MobileCoreServices.framework; sourceTree = SDKROOT; };
		3842BF691AD4FEFE00CBD0F1 /* QuartzCore.framework */ = {isa = PBXFileReference; lastKnownFileType = wrapper.framework; name = QuartzCore.framework; path = System/Library/Frameworks/QuartzCore.framework; sourceTree = SDKROOT; };
		3842BF6A1AD4FEFE00CBD0F1 /* Security.framework */ = {isa = PBXFileReference; lastKnownFileType = wrapper.framework; name = Security.framework; path = System/Library/Frameworks/Security.framework; sourceTree = SDKROOT; };
		3842BF6B1AD4FEFE00CBD0F1 /* StoreKit.framework */ = {isa = PBXFileReference; lastKnownFileType = wrapper.framework; name = StoreKit.framework; path = System/Library/Frameworks/StoreKit.framework; sourceTree = SDKROOT; };
		3842BF6C1AD4FEFE00CBD0F1 /* SystemConfiguration.framework */ = {isa = PBXFileReference; lastKnownFileType = wrapper.framework; name = SystemConfiguration.framework; path = System/Library/Frameworks/SystemConfiguration.framework; sourceTree = SDKROOT; };
		3842BF781AD5019A00CBD0F1 /* Social.framework */ = {isa = PBXFileReference; lastKnownFileType = wrapper.framework; name = Social.framework; path = System/Library/Frameworks/Social.framework; sourceTree = SDKROOT; };
		3842BF7A1AD501A800CBD0F1 /* Twitter.framework */ = {isa = PBXFileReference; lastKnownFileType = wrapper.framework; name = Twitter.framework; path = System/Library/Frameworks/Twitter.framework; sourceTree = SDKROOT; };
		3842BF7C1AD501DD00CBD0F1 /* Accounts.framework */ = {isa = PBXFileReference; lastKnownFileType = wrapper.framework; name = Accounts.framework; path = System/Library/Frameworks/Accounts.framework; sourceTree = SDKROOT; };
		386E1D871AC4C44900D1F265 /* StandardViewController.swift */ = {isa = PBXFileReference; fileEncoding = 4; lastKnownFileType = sourcecode.swift; path = StandardViewController.swift; sourceTree = "<group>"; };
		386E1D8B1AC4C84200D1F265 /* SavedViewController.swift */ = {isa = PBXFileReference; fileEncoding = 4; lastKnownFileType = sourcecode.swift; path = SavedViewController.swift; sourceTree = "<group>"; };
		386E1D8D1AC4C85100D1F265 /* SettingsViewController.swift */ = {isa = PBXFileReference; fileEncoding = 4; lastKnownFileType = sourcecode.swift; path = SettingsViewController.swift; sourceTree = "<group>"; };
		386E1D8F1AC4C86000D1F265 /* AboutViewController.swift */ = {isa = PBXFileReference; fileEncoding = 4; lastKnownFileType = sourcecode.swift; path = AboutViewController.swift; sourceTree = "<group>"; };
		3891E6331ACE768C00B5174A /* Views.swift */ = {isa = PBXFileReference; fileEncoding = 4; lastKnownFileType = sourcecode.swift; path = Views.swift; sourceTree = "<group>"; };
		389406761AD1DAE2005D9D98 /* Design.swift */ = {isa = PBXFileReference; fileEncoding = 4; lastKnownFileType = sourcecode.swift; path = Design.swift; sourceTree = "<group>"; };
		3894067A1AD255C4005D9D98 /* RLMSupport.swift */ = {isa = PBXFileReference; fileEncoding = 4; lastKnownFileType = sourcecode.swift; path = RLMSupport.swift; sourceTree = "<group>"; };
		3894067D1AD261D6005D9D98 /* Cells.swift */ = {isa = PBXFileReference; fileEncoding = 4; lastKnownFileType = sourcecode.swift; path = Cells.swift; sourceTree = "<group>"; };
		389922481ACFB7C9004CB793 /* Helpers.swift */ = {isa = PBXFileReference; fileEncoding = 4; lastKnownFileType = sourcecode.swift; path = Helpers.swift; sourceTree = "<group>"; };
		38BD8ABE1B163EE600536E91 /* CustomGaramond.ttf */ = {isa = PBXFileReference; lastKnownFileType = file; path = CustomGaramond.ttf; sourceTree = "<group>"; };
		38BD8ABF1B163EE600536E91 /* CustomGaramondBold.ttf */ = {isa = PBXFileReference; lastKnownFileType = file; path = CustomGaramondBold.ttf; sourceTree = "<group>"; };
		38F76D3F1AC92769005F4852 /* WebViewController.swift */ = {isa = PBXFileReference; fileEncoding = 4; lastKnownFileType = sourcecode.swift; path = WebViewController.swift; sourceTree = "<group>"; };
		38F76D431AC927C6005F4852 /* WebKit.framework */ = {isa = PBXFileReference; lastKnownFileType = wrapper.framework; name = WebKit.framework; path = System/Library/Frameworks/WebKit.framework; sourceTree = SDKROOT; };
		484EE1B697C597C328D5BAD5 /* Pods.framework */ = {isa = PBXFileReference; explicitFileType = wrapper.framework; includeInIndex = 0; path = Pods.framework; sourceTree = BUILT_PRODUCTS_DIR; };
		4E00B833440A9393A48C6280 /* Pods.debug.xcconfig */ = {isa = PBXFileReference; includeInIndex = 1; lastKnownFileType = text.xcconfig; name = Pods.debug.xcconfig; path = "Pods/Target Support Files/Pods/Pods.debug.xcconfig"; sourceTree = "<group>"; };
		55F123551C05125D005C2934 /* GPUImage.xcodeproj */ = {isa = PBXFileReference; lastKnownFileType = "wrapper.pb-project"; name = GPUImage.xcodeproj; path = ../GPUImage/framework/GPUImage.xcodeproj; sourceTree = "<group>"; };
		5AA5A84F91DA28122F7B4699 /* Pods.release.xcconfig */ = {isa = PBXFileReference; includeInIndex = 1; lastKnownFileType = text.xcconfig; name = Pods.release.xcconfig; path = "Pods/Target Support Files/Pods/Pods.release.xcconfig"; sourceTree = "<group>"; };
/* End PBXFileReference section */

/* Begin PBXFrameworksBuildPhase section */
		3803BA431AB34F2B00EE1C52 /* Frameworks */ = {
			isa = PBXFrameworksBuildPhase;
			buildActionMask = 2147483647;
			files = (
				3842BF7D1AD501DD00CBD0F1 /* Accounts.framework in Frameworks */,
				3842BF791AD5019A00CBD0F1 /* Social.framework in Frameworks */,
				3842BF6D1AD4FEFE00CBD0F1 /* AudioToolbox.framework in Frameworks */,
				3842BF6E1AD4FEFE00CBD0F1 /* CFNetwork.framework in Frameworks */,
				3842BF6F1AD4FEFE00CBD0F1 /* CoreGraphics.framework in Frameworks */,
				3842BF701AD4FEFE00CBD0F1 /* CoreLocation.framework in Frameworks */,
				3842BF711AD4FEFE00CBD0F1 /* libsqlite3.dylib in Frameworks */,
				3842BF721AD4FEFE00CBD0F1 /* libz.dylib in Frameworks */,
				3842BF731AD4FEFE00CBD0F1 /* MobileCoreServices.framework in Frameworks */,
				3842BF741AD4FEFE00CBD0F1 /* QuartzCore.framework in Frameworks */,
				3842BF751AD4FEFE00CBD0F1 /* Security.framework in Frameworks */,
				3842BF761AD4FEFE00CBD0F1 /* StoreKit.framework in Frameworks */,
				3842BF771AD4FEFE00CBD0F1 /* SystemConfiguration.framework in Frameworks */,
				38F76D441AC927C6005F4852 /* WebKit.framework in Frameworks */,
				3803BA861AB3502C00EE1C52 /* GPUImage.framework in Frameworks */,
				8B098D25425336E697CE6818 /* Pods.framework in Frameworks */,
				3842BF5E1AD4FEAA00CBD0F1 /* Bolts.framework in Frameworks */,
				3842BF5F1AD4FEAA00CBD0F1 /* Parse.framework in Frameworks */,
			);
			runOnlyForDeploymentPostprocessing = 0;
		};
		3803BA581AB34F2B00EE1C52 /* Frameworks */ = {
			isa = PBXFrameworksBuildPhase;
			buildActionMask = 2147483647;
			files = (
			);
			runOnlyForDeploymentPostprocessing = 0;
		};
/* End PBXFrameworksBuildPhase section */

/* Begin PBXGroup section */
		3803BA3D1AB34F2B00EE1C52 = {
			isa = PBXGroup;
			children = (
				55F123551C05125D005C2934 /* GPUImage.xcodeproj */,
				3803BA481AB34F2B00EE1C52 /* Coalesse */,
				3803BA5E1AB34F2B00EE1C52 /* CoalesseTests */,
				3803BA471AB34F2B00EE1C52 /* Products */,
				D9DE5331E9189F6A53020A4D /* Pods */,
				9C1FAA016B6384882E17CF96 /* Frameworks */,
			);
			sourceTree = "<group>";
		};
		3803BA471AB34F2B00EE1C52 /* Products */ = {
			isa = PBXGroup;
			children = (
				3803BA461AB34F2B00EE1C52 /* Coalesse.app */,
				3803BA5B1AB34F2B00EE1C52 /* CoalesseTests.xctest */,
			);
			name = Products;
			sourceTree = "<group>";
		};
		3803BA481AB34F2B00EE1C52 /* Coalesse */ = {
			isa = PBXGroup;
			children = (
				3803BA4B1AB34F2B00EE1C52 /* AppDelegate.swift */,
				3803BA4F1AB34F2B00EE1C52 /* Main.storyboard */,
				3803BA6B1AB34F8000EE1C52 /* Controllers */,
				3803BA6C1AB34F8E00EE1C52 /* Models */,
				3803BA6D1AB34F9700EE1C52 /* Views */,
				3803BA6E1AB34F9F00EE1C52 /* Resources */,
				3803BA521AB34F2B00EE1C52 /* Images.xcassets */,
				3803BA541AB34F2B00EE1C52 /* LaunchScreen.xib */,
				3803BA491AB34F2B00EE1C52 /* Supporting Files */,
			);
			path = Coalesse;
			sourceTree = "<group>";
		};
		3803BA491AB34F2B00EE1C52 /* Supporting Files */ = {
			isa = PBXGroup;
			children = (
				3803BA4A1AB34F2B00EE1C52 /* Info.plist */,
			);
			name = "Supporting Files";
			sourceTree = "<group>";
		};
		3803BA5E1AB34F2B00EE1C52 /* CoalesseTests */ = {
			isa = PBXGroup;
			children = (
				3803BA611AB34F2B00EE1C52 /* CoalesseTests.swift */,
				3803BA5F1AB34F2B00EE1C52 /* Supporting Files */,
			);
			path = CoalesseTests;
			sourceTree = "<group>";
		};
		3803BA5F1AB34F2B00EE1C52 /* Supporting Files */ = {
			isa = PBXGroup;
			children = (
				3803BA601AB34F2B00EE1C52 /* Info.plist */,
			);
			name = "Supporting Files";
			sourceTree = "<group>";
		};
		3803BA6B1AB34F8000EE1C52 /* Controllers */ = {
			isa = PBXGroup;
			children = (
				3803BA4D1AB34F2B00EE1C52 /* MainViewController.swift */,
				3803BA8B1AB3583400EE1C52 /* MenuViewController.swift */,
				380B82431AB56441008F8BC6 /* CustomizeViewController.swift */,
				386E1D871AC4C44900D1F265 /* StandardViewController.swift */,
				386E1D8B1AC4C84200D1F265 /* SavedViewController.swift */,
				386E1D8D1AC4C85100D1F265 /* SettingsViewController.swift */,
				386E1D8F1AC4C86000D1F265 /* AboutViewController.swift */,
				38F76D3F1AC92769005F4852 /* WebViewController.swift */,
			);
			name = Controllers;
			sourceTree = "<group>";
		};
		3803BA6C1AB34F8E00EE1C52 /* Models */ = {
			isa = PBXGroup;
			children = (
				389406761AD1DAE2005D9D98 /* Design.swift */,
			);
			name = Models;
			sourceTree = "<group>";
		};
		3803BA6D1AB34F9700EE1C52 /* Views */ = {
			isa = PBXGroup;
			children = (
				3891E6331ACE768C00B5174A /* Views.swift */,
				3894067D1AD261D6005D9D98 /* Cells.swift */,
			);
			name = Views;
			sourceTree = "<group>";
		};
		3803BA6E1AB34F9F00EE1C52 /* Resources */ = {
			isa = PBXGroup;
			children = (
				38BD8ABE1B163EE600536E91 /* CustomGaramond.ttf */,
				38BD8ABF1B163EE600536E91 /* CustomGaramondBold.ttf */,
				38F76D451AC927D7005F4852 /* Frameworks */,
				3803BA6F1AB34FA600EE1C52 /* Vendors */,
				3803BA891AB3522C00EE1C52 /* Constants.swift */,
				389922481ACFB7C9004CB793 /* Helpers.swift */,
				3803BA8D1AB3584A00EE1C52 /* MenuTransitionManager.swift */,
				380B82451AB56641008F8BC6 /* ContainerTransitionManager.swift */,
			);
			name = Resources;
			sourceTree = "<group>";
		};
		3803BA6F1AB34FA600EE1C52 /* Vendors */ = {
			isa = PBXGroup;
			children = (
				3842BF5C1AD4FEAA00CBD0F1 /* Bolts.framework */,
				3842BF5D1AD4FEAA00CBD0F1 /* Parse.framework */,
				3894067A1AD255C4005D9D98 /* RLMSupport.swift */,
				3803BA7A1AB34FF000EE1C52 /* GPUImage.xcodeproj */,
			);
			name = Vendors;
			sourceTree = "<group>";
		};
		3803BA7B1AB34FF000EE1C52 /* Products */ = {
			isa = PBXGroup;
			children = (
				3803BA811AB34FF100EE1C52 /* libGPUImage.a */,
				3803BA831AB34FF100EE1C52 /* GPUImage.framework */,
			);
			name = Products;
			sourceTree = "<group>";
		};
		38F76D451AC927D7005F4852 /* Frameworks */ = {
			isa = PBXGroup;
			children = (
				38F76D431AC927C6005F4852 /* WebKit.framework */,
			);
			name = Frameworks;
			sourceTree = "<group>";
		};
		55F123561C05125D005C2934 /* Products */ = {
			isa = PBXGroup;
			children = (
				55F1235C1C05125D005C2934 /* libGPUImage.a */,
				55F1235E1C05125D005C2934 /* GPUImage.framework */,
			);
			name = Products;
			sourceTree = "<group>";
		};
		9C1FAA016B6384882E17CF96 /* Frameworks */ = {
			isa = PBXGroup;
			children = (
				3842BF7C1AD501DD00CBD0F1 /* Accounts.framework */,
				3842BF7A1AD501A800CBD0F1 /* Twitter.framework */,
				3842BF781AD5019A00CBD0F1 /* Social.framework */,
				3842BF621AD4FEFE00CBD0F1 /* AudioToolbox.framework */,
				3842BF631AD4FEFE00CBD0F1 /* CFNetwork.framework */,
				3842BF641AD4FEFE00CBD0F1 /* CoreGraphics.framework */,
				3842BF651AD4FEFE00CBD0F1 /* CoreLocation.framework */,
				3842BF661AD4FEFE00CBD0F1 /* libsqlite3.dylib */,
				3842BF671AD4FEFE00CBD0F1 /* libz.dylib */,
				3842BF681AD4FEFE00CBD0F1 /* MobileCoreServices.framework */,
				3842BF691AD4FEFE00CBD0F1 /* QuartzCore.framework */,
				3842BF6A1AD4FEFE00CBD0F1 /* Security.framework */,
				3842BF6B1AD4FEFE00CBD0F1 /* StoreKit.framework */,
				3842BF6C1AD4FEFE00CBD0F1 /* SystemConfiguration.framework */,
				484EE1B697C597C328D5BAD5 /* Pods.framework */,
			);
			name = Frameworks;
			sourceTree = "<group>";
		};
		D9DE5331E9189F6A53020A4D /* Pods */ = {
			isa = PBXGroup;
			children = (
				4E00B833440A9393A48C6280 /* Pods.debug.xcconfig */,
				5AA5A84F91DA28122F7B4699 /* Pods.release.xcconfig */,
			);
			name = Pods;
			sourceTree = "<group>";
		};
/* End PBXGroup section */

/* Begin PBXNativeTarget section */
		3803BA451AB34F2B00EE1C52 /* Coalesse */ = {
			isa = PBXNativeTarget;
			buildConfigurationList = 3803BA651AB34F2B00EE1C52 /* Build configuration list for PBXNativeTarget "Coalesse" */;
			buildPhases = (
				F536380820BFDFEA332BC6D0 /* Check Pods Manifest.lock */,
				3803BA421AB34F2B00EE1C52 /* Sources */,
				3803BA431AB34F2B00EE1C52 /* Frameworks */,
				3803BA441AB34F2B00EE1C52 /* Resources */,
				3803BA871AB3504A00EE1C52 /* Copy Frameworks */,
				CB4DCCA00ABD94F06921456F /* Copy Pods Resources */,
				329CF23F80A951CC8091B5A2 /* Embed Pods Frameworks */,
			);
			buildRules = (
			);
			dependencies = (
				3803BA851AB3501B00EE1C52 /* PBXTargetDependency */,
			);
			name = Coalesse;
			productName = Coalesse;
			productReference = 3803BA461AB34F2B00EE1C52 /* Coalesse.app */;
			productType = "com.apple.product-type.application";
		};
		3803BA5A1AB34F2B00EE1C52 /* CoalesseTests */ = {
			isa = PBXNativeTarget;
			buildConfigurationList = 3803BA681AB34F2B00EE1C52 /* Build configuration list for PBXNativeTarget "CoalesseTests" */;
			buildPhases = (
				3803BA571AB34F2B00EE1C52 /* Sources */,
				3803BA581AB34F2B00EE1C52 /* Frameworks */,
				3803BA591AB34F2B00EE1C52 /* Resources */,
			);
			buildRules = (
			);
			dependencies = (
				3803BA5D1AB34F2B00EE1C52 /* PBXTargetDependency */,
			);
			name = CoalesseTests;
			productName = CoalesseTests;
			productReference = 3803BA5B1AB34F2B00EE1C52 /* CoalesseTests.xctest */;
			productType = "com.apple.product-type.bundle.unit-test";
		};
/* End PBXNativeTarget section */

/* Begin PBXProject section */
		3803BA3E1AB34F2B00EE1C52 /* Project object */ = {
			isa = PBXProject;
			attributes = {
				LastUpgradeCheck = 0620;
				ORGANIZATIONNAME = ragedigital;
				TargetAttributes = {
					3803BA451AB34F2B00EE1C52 = {
						CreatedOnToolsVersion = 6.2;
					};
					3803BA5A1AB34F2B00EE1C52 = {
						CreatedOnToolsVersion = 6.2;
						TestTargetID = 3803BA451AB34F2B00EE1C52;
					};
				};
			};
			buildConfigurationList = 3803BA411AB34F2B00EE1C52 /* Build configuration list for PBXProject "Coalesse" */;
			compatibilityVersion = "Xcode 3.2";
			developmentRegion = English;
			hasScannedForEncodings = 0;
			knownRegions = (
				en,
				Base,
			);
			mainGroup = 3803BA3D1AB34F2B00EE1C52;
			productRefGroup = 3803BA471AB34F2B00EE1C52 /* Products */;
			projectDirPath = "";
			projectReferences = (
				{
					ProductGroup = 55F123561C05125D005C2934 /* Products */;
					ProjectRef = 55F123551C05125D005C2934 /* GPUImage.xcodeproj */;
				},
				{
					ProductGroup = 3803BA7B1AB34FF000EE1C52 /* Products */;
					ProjectRef = 3803BA7A1AB34FF000EE1C52 /* GPUImage.xcodeproj */;
				},
			);
			projectRoot = "";
			targets = (
				3803BA451AB34F2B00EE1C52 /* Coalesse */,
				3803BA5A1AB34F2B00EE1C52 /* CoalesseTests */,
			);
		};
/* End PBXProject section */

/* Begin PBXReferenceProxy section */
		3803BA811AB34FF100EE1C52 /* libGPUImage.a */ = {
			isa = PBXReferenceProxy;
			fileType = archive.ar;
			path = libGPUImage.a;
			remoteRef = 3803BA801AB34FF100EE1C52 /* PBXContainerItemProxy */;
			sourceTree = BUILT_PRODUCTS_DIR;
		};
		3803BA831AB34FF100EE1C52 /* GPUImage.framework */ = {
			isa = PBXReferenceProxy;
			fileType = wrapper.framework;
			path = GPUImage.framework;
			remoteRef = 3803BA821AB34FF100EE1C52 /* PBXContainerItemProxy */;
			sourceTree = BUILT_PRODUCTS_DIR;
		};
		55F1235C1C05125D005C2934 /* libGPUImage.a */ = {
			isa = PBXReferenceProxy;
			fileType = archive.ar;
			path = libGPUImage.a;
			remoteRef = 55F1235B1C05125D005C2934 /* PBXContainerItemProxy */;
			sourceTree = BUILT_PRODUCTS_DIR;
		};
		55F1235E1C05125D005C2934 /* GPUImage.framework */ = {
			isa = PBXReferenceProxy;
			fileType = wrapper.framework;
			path = GPUImage.framework;
			remoteRef = 55F1235D1C05125D005C2934 /* PBXContainerItemProxy */;
			sourceTree = BUILT_PRODUCTS_DIR;
		};
/* End PBXReferenceProxy section */

/* Begin PBXResourcesBuildPhase section */
		3803BA441AB34F2B00EE1C52 /* Resources */ = {
			isa = PBXResourcesBuildPhase;
			buildActionMask = 2147483647;
			files = (
				38BD8AC11B163EE600536E91 /* CustomGaramondBold.ttf in Resources */,
				3803BA511AB34F2B00EE1C52 /* Main.storyboard in Resources */,
				38BD8AC01B163EE600536E91 /* CustomGaramond.ttf in Resources */,
				3803BA561AB34F2B00EE1C52 /* LaunchScreen.xib in Resources */,
				3803BA531AB34F2B00EE1C52 /* Images.xcassets in Resources */,
			);
			runOnlyForDeploymentPostprocessing = 0;
		};
		3803BA591AB34F2B00EE1C52 /* Resources */ = {
			isa = PBXResourcesBuildPhase;
			buildActionMask = 2147483647;
			files = (
			);
			runOnlyForDeploymentPostprocessing = 0;
		};
/* End PBXResourcesBuildPhase section */

/* Begin PBXShellScriptBuildPhase section */
		329CF23F80A951CC8091B5A2 /* Embed Pods Frameworks */ = {
			isa = PBXShellScriptBuildPhase;
			buildActionMask = 2147483647;
			files = (
			);
			inputPaths = (
			);
			name = "Embed Pods Frameworks";
			outputPaths = (
			);
			runOnlyForDeploymentPostprocessing = 0;
			shellPath = /bin/sh;
			shellScript = "\"${SRCROOT}/Pods/Target Support Files/Pods/Pods-frameworks.sh\"\n";
			showEnvVarsInLog = 0;
		};
		CB4DCCA00ABD94F06921456F /* Copy Pods Resources */ = {
			isa = PBXShellScriptBuildPhase;
			buildActionMask = 2147483647;
			files = (
			);
			inputPaths = (
			);
			name = "Copy Pods Resources";
			outputPaths = (
			);
			runOnlyForDeploymentPostprocessing = 0;
			shellPath = /bin/sh;
			shellScript = "\"${SRCROOT}/Pods/Target Support Files/Pods/Pods-resources.sh\"\n";
			showEnvVarsInLog = 0;
		};
		F536380820BFDFEA332BC6D0 /* Check Pods Manifest.lock */ = {
			isa = PBXShellScriptBuildPhase;
			buildActionMask = 2147483647;
			files = (
			);
			inputPaths = (
			);
			name = "Check Pods Manifest.lock";
			outputPaths = (
			);
			runOnlyForDeploymentPostprocessing = 0;
			shellPath = /bin/sh;
			shellScript = "diff \"${PODS_ROOT}/../Podfile.lock\" \"${PODS_ROOT}/Manifest.lock\" > /dev/null\nif [[ $? != 0 ]] ; then\n    cat << EOM\nerror: The sandbox is not in sync with the Podfile.lock. Run 'pod install' or update your CocoaPods installation.\nEOM\n    exit 1\nfi\n";
			showEnvVarsInLog = 0;
		};
/* End PBXShellScriptBuildPhase section */

/* Begin PBXSourcesBuildPhase section */
		3803BA421AB34F2B00EE1C52 /* Sources */ = {
			isa = PBXSourcesBuildPhase;
			buildActionMask = 2147483647;
			files = (
				3803BA4E1AB34F2B00EE1C52 /* MainViewController.swift in Sources */,
				389922491ACFB7C9004CB793 /* Helpers.swift in Sources */,
				3803BA4C1AB34F2B00EE1C52 /* AppDelegate.swift in Sources */,
				3894067B1AD255C4005D9D98 /* RLMSupport.swift in Sources */,
				386E1D901AC4C86000D1F265 /* AboutViewController.swift in Sources */,
				380B82461AB56641008F8BC6 /* ContainerTransitionManager.swift in Sources */,
				3894067E1AD261D6005D9D98 /* Cells.swift in Sources */,
				386E1D8E1AC4C85100D1F265 /* SettingsViewController.swift in Sources */,
				386E1D8C1AC4C84200D1F265 /* SavedViewController.swift in Sources */,
				380B82441AB56441008F8BC6 /* CustomizeViewController.swift in Sources */,
				38F76D401AC92769005F4852 /* WebViewController.swift in Sources */,
				389406771AD1DAE2005D9D98 /* Design.swift in Sources */,
				3803BA8E1AB3584A00EE1C52 /* MenuTransitionManager.swift in Sources */,
				3891E6341ACE768C00B5174A /* Views.swift in Sources */,
				3803BA8A1AB3522C00EE1C52 /* Constants.swift in Sources */,
				3803BA8C1AB3583400EE1C52 /* MenuViewController.swift in Sources */,
				386E1D881AC4C44900D1F265 /* StandardViewController.swift in Sources */,
			);
			runOnlyForDeploymentPostprocessing = 0;
		};
		3803BA571AB34F2B00EE1C52 /* Sources */ = {
			isa = PBXSourcesBuildPhase;
			buildActionMask = 2147483647;
			files = (
				3803BA621AB34F2B00EE1C52 /* CoalesseTests.swift in Sources */,
			);
			runOnlyForDeploymentPostprocessing = 0;
		};
/* End PBXSourcesBuildPhase section */

/* Begin PBXTargetDependency section */
		3803BA5D1AB34F2B00EE1C52 /* PBXTargetDependency */ = {
			isa = PBXTargetDependency;
			target = 3803BA451AB34F2B00EE1C52 /* Coalesse */;
			targetProxy = 3803BA5C1AB34F2B00EE1C52 /* PBXContainerItemProxy */;
		};
		3803BA851AB3501B00EE1C52 /* PBXTargetDependency */ = {
			isa = PBXTargetDependency;
			name = GPUImageFramework;
			targetProxy = 3803BA841AB3501B00EE1C52 /* PBXContainerItemProxy */;
		};
/* End PBXTargetDependency section */

/* Begin PBXVariantGroup section */
		3803BA4F1AB34F2B00EE1C52 /* Main.storyboard */ = {
			isa = PBXVariantGroup;
			children = (
				3803BA501AB34F2B00EE1C52 /* Base */,
			);
			name = Main.storyboard;
			sourceTree = "<group>";
		};
		3803BA541AB34F2B00EE1C52 /* LaunchScreen.xib */ = {
			isa = PBXVariantGroup;
			children = (
				3803BA551AB34F2B00EE1C52 /* Base */,
			);
			name = LaunchScreen.xib;
			sourceTree = "<group>";
		};
/* End PBXVariantGroup section */

/* Begin XCBuildConfiguration section */
		3803BA631AB34F2B00EE1C52 /* Debug */ = {
			isa = XCBuildConfiguration;
			buildSettings = {
				ALWAYS_SEARCH_USER_PATHS = NO;
				CLANG_CXX_LANGUAGE_STANDARD = "gnu++0x";
				CLANG_CXX_LIBRARY = "libc++";
				CLANG_ENABLE_MODULES = YES;
				CLANG_ENABLE_OBJC_ARC = YES;
				CLANG_WARN_BOOL_CONVERSION = YES;
				CLANG_WARN_CONSTANT_CONVERSION = YES;
				CLANG_WARN_DIRECT_OBJC_ISA_USAGE = YES_ERROR;
				CLANG_WARN_EMPTY_BODY = YES;
				CLANG_WARN_ENUM_CONVERSION = YES;
				CLANG_WARN_INT_CONVERSION = YES;
				CLANG_WARN_OBJC_ROOT_CLASS = YES_ERROR;
				CLANG_WARN_UNREACHABLE_CODE = YES;
				CLANG_WARN__DUPLICATE_METHOD_MATCH = YES;
				"CODE_SIGN_IDENTITY[sdk=iphoneos*]" = "iPhone Developer";
				COPY_PHASE_STRIP = NO;
				ENABLE_STRICT_OBJC_MSGSEND = YES;
				GCC_C_LANGUAGE_STANDARD = gnu99;
				GCC_DYNAMIC_NO_PIC = NO;
				GCC_OPTIMIZATION_LEVEL = 0;
				GCC_PREPROCESSOR_DEFINITIONS = (
					"DEBUG=1",
					"$(inherited)",
				);
				GCC_SYMBOLS_PRIVATE_EXTERN = NO;
				GCC_WARN_64_TO_32_BIT_CONVERSION = YES;
				GCC_WARN_ABOUT_RETURN_TYPE = YES_ERROR;
				GCC_WARN_UNDECLARED_SELECTOR = YES;
				GCC_WARN_UNINITIALIZED_AUTOS = YES_AGGRESSIVE;
				GCC_WARN_UNUSED_FUNCTION = YES;
				GCC_WARN_UNUSED_VARIABLE = YES;
				IPHONEOS_DEPLOYMENT_TARGET = 8.2;
				MTL_ENABLE_DEBUG_INFO = YES;
				ONLY_ACTIVE_ARCH = YES;
				SDKROOT = iphoneos;
				SWIFT_OPTIMIZATION_LEVEL = "-Onone";
				TARGETED_DEVICE_FAMILY = "1,2";
			};
			name = Debug;
		};
		3803BA641AB34F2B00EE1C52 /* Release */ = {
			isa = XCBuildConfiguration;
			buildSettings = {
				ALWAYS_SEARCH_USER_PATHS = NO;
				CLANG_CXX_LANGUAGE_STANDARD = "gnu++0x";
				CLANG_CXX_LIBRARY = "libc++";
				CLANG_ENABLE_MODULES = YES;
				CLANG_ENABLE_OBJC_ARC = YES;
				CLANG_WARN_BOOL_CONVERSION = YES;
				CLANG_WARN_CONSTANT_CONVERSION = YES;
				CLANG_WARN_DIRECT_OBJC_ISA_USAGE = YES_ERROR;
				CLANG_WARN_EMPTY_BODY = YES;
				CLANG_WARN_ENUM_CONVERSION = YES;
				CLANG_WARN_INT_CONVERSION = YES;
				CLANG_WARN_OBJC_ROOT_CLASS = YES_ERROR;
				CLANG_WARN_UNREACHABLE_CODE = YES;
				CLANG_WARN__DUPLICATE_METHOD_MATCH = YES;
				"CODE_SIGN_IDENTITY[sdk=iphoneos*]" = "iPhone Developer";
				COPY_PHASE_STRIP = NO;
				ENABLE_NS_ASSERTIONS = NO;
				ENABLE_STRICT_OBJC_MSGSEND = YES;
				GCC_C_LANGUAGE_STANDARD = gnu99;
				GCC_WARN_64_TO_32_BIT_CONVERSION = YES;
				GCC_WARN_ABOUT_RETURN_TYPE = YES_ERROR;
				GCC_WARN_UNDECLARED_SELECTOR = YES;
				GCC_WARN_UNINITIALIZED_AUTOS = YES_AGGRESSIVE;
				GCC_WARN_UNUSED_FUNCTION = YES;
				GCC_WARN_UNUSED_VARIABLE = YES;
				IPHONEOS_DEPLOYMENT_TARGET = 8.2;
				MTL_ENABLE_DEBUG_INFO = NO;
				SDKROOT = iphoneos;
				TARGETED_DEVICE_FAMILY = "1,2";
				VALIDATE_PRODUCT = YES;
			};
			name = Release;
		};
		3803BA661AB34F2B00EE1C52 /* Debug */ = {
			isa = XCBuildConfiguration;
			baseConfigurationReference = 4E00B833440A9393A48C6280 /* Pods.debug.xcconfig */;
			buildSettings = {
				ASSETCATALOG_COMPILER_APPICON_NAME = AppIcon;
				CODE_SIGN_IDENTITY = "iPhone Developer";
				"CODE_SIGN_IDENTITY[sdk=iphoneos*]" = "iPhone Developer";
				FRAMEWORK_SEARCH_PATHS = (
					"$(inherited)",
					"$(PROJECT_DIR)/Coalesse",
				);
				INFOPLIST_FILE = Coalesse/Info.plist;
				IPHONEOS_DEPLOYMENT_TARGET = 8.0;
				LD_RUNPATH_SEARCH_PATHS = "$(inherited) @executable_path/Frameworks";
				PRODUCT_BUNDLE_IDENTIFIER = com.textus.Coalesse;
				PRODUCT_NAME = "$(TARGET_NAME)";
				PROVISIONING_PROFILE = "5e4c16a1-bf72-4e03-b925-3817a64c20f9";
			};
			name = Debug;
		};
		3803BA671AB34F2B00EE1C52 /* Release */ = {
			isa = XCBuildConfiguration;
			baseConfigurationReference = 5AA5A84F91DA28122F7B4699 /* Pods.release.xcconfig */;
			buildSettings = {
				ASSETCATALOG_COMPILER_APPICON_NAME = AppIcon;
				CODE_SIGN_IDENTITY = "";
				FRAMEWORK_SEARCH_PATHS = (
					"$(inherited)",
					"$(PROJECT_DIR)/Coalesse",
				);
				INFOPLIST_FILE = Coalesse/Info.plist;
				IPHONEOS_DEPLOYMENT_TARGET = 8.0;
				LD_RUNPATH_SEARCH_PATHS = "$(inherited) @executable_path/Frameworks";
				PRODUCT_BUNDLE_IDENTIFIER = com.textus.Coalesse;
				PRODUCT_NAME = "$(TARGET_NAME)";
				PROVISIONING_PROFILE = "5e4c16a1-bf72-4e03-b925-3817a64c20f9";
			};
			name = Release;
		};
		3803BA691AB34F2B00EE1C52 /* Debug */ = {
			isa = XCBuildConfiguration;
			buildSettings = {
				BUNDLE_LOADER = "$(TEST_HOST)";
				FRAMEWORK_SEARCH_PATHS = (
					"$(SDKROOT)/Developer/Library/Frameworks",
					"$(inherited)",
				);
				GCC_PREPROCESSOR_DEFINITIONS = (
					"DEBUG=1",
					"$(inherited)",
				);
				INFOPLIST_FILE = CoalesseTests/Info.plist;
				LD_RUNPATH_SEARCH_PATHS = "$(inherited) @executable_path/Frameworks @loader_path/Frameworks";
				PRODUCT_NAME = "$(TARGET_NAME)";
				TEST_HOST = "$(BUILT_PRODUCTS_DIR)/Coalesse.app/Coalesse";
			};
			name = Debug;
		};
		3803BA6A1AB34F2B00EE1C52 /* Release */ = {
			isa = XCBuildConfiguration;
			buildSettings = {
				BUNDLE_LOADER = "$(TEST_HOST)";
				FRAMEWORK_SEARCH_PATHS = (
					"$(SDKROOT)/Developer/Library/Frameworks",
					"$(inherited)",
				);
				INFOPLIST_FILE = CoalesseTests/Info.plist;
				LD_RUNPATH_SEARCH_PATHS = "$(inherited) @executable_path/Frameworks @loader_path/Frameworks";
				PRODUCT_NAME = "$(TARGET_NAME)";
				TEST_HOST = "$(BUILT_PRODUCTS_DIR)/Coalesse.app/Coalesse";
			};
			name = Release;
		};
/* End XCBuildConfiguration section */

/* Begin XCConfigurationList section */
		3803BA411AB34F2B00EE1C52 /* Build configuration list for PBXProject "Coalesse" */ = {
			isa = XCConfigurationList;
			buildConfigurations = (
				3803BA631AB34F2B00EE1C52 /* Debug */,
				3803BA641AB34F2B00EE1C52 /* Release */,
			);
			defaultConfigurationIsVisible = 0;
			defaultConfigurationName = Release;
		};
		3803BA651AB34F2B00EE1C52 /* Build configuration list for PBXNativeTarget "Coalesse" */ = {
			isa = XCConfigurationList;
			buildConfigurations = (
				3803BA661AB34F2B00EE1C52 /* Debug */,
				3803BA671AB34F2B00EE1C52 /* Release */,
			);
			defaultConfigurationIsVisible = 0;
			defaultConfigurationName = Release;
		};
		3803BA681AB34F2B00EE1C52 /* Build configuration list for PBXNativeTarget "CoalesseTests" */ = {
			isa = XCConfigurationList;
			buildConfigurations = (
				3803BA691AB34F2B00EE1C52 /* Debug */,
				3803BA6A1AB34F2B00EE1C52 /* Release */,
			);
			defaultConfigurationIsVisible = 0;
			defaultConfigurationName = Release;
		};
/* End XCConfigurationList section */
	};
	rootObject = 3803BA3E1AB34F2B00EE1C52 /* Project object */;
}
